
Microsoft Visual Studio Solution File, Format Version 12.00
# Visual Studio Version 17
VisualStudioVersion = 17.8.34330.188
MinimumVisualStudioVersion = 10.0.40219.1
Project("{FAE04EC0-301F-11D3-BF4B-00C04F79EFBC}") = "OpdHospital", "OpdHospital\OpdHospital.csproj", "{CB53F95C-82E4-4090-A206-094EB8EDE02F}"
EndProject
Global
	GlobalSection(SolutionConfigurationPlatforms) = preSolution
		Debug|Any CPU = Debug|Any CPU
		Release|Any CPU = Release|Any CPU
	EndGlobalSection
	GlobalSection(ProjectConfigurationPlatforms) = postSolution
		{CB53F95C-82E4-4090-A206-094EB8EDE02F}.Debug|Any CPU.ActiveCfg = Debug|Any CPU
		{CB53F95C-82E4-4090-A206-094EB8EDE02F}.Debug|Any CPU.Build.0 = Debug|Any CPU
		{CB53F95C-82E4-4090-A206-094EB8EDE02F}.Release|Any CPU.ActiveCfg = Release|Any CPU
		{CB53F95C-82E4-4090-A206-094EB8EDE02F}.Release|Any CPU.Build.0 = Release|Any CPU
	EndGlobalSection
	GlobalSection(SolutionProperties) = preSolution
		HideSolutionNode = FALSE
	EndGlobalSection
	GlobalSection(ExtensibilityGlobals) = postSolution
		SolutionGuid = {E634B7E4-EF9F-4B8C-9923-33C9E735F2C4}
	EndGlobalSection
EndGlobal
